
Microsoft Visual Studio Solution File, Format Version 12.00
# Visual Studio Version 17
VisualStudioVersion = 17.14.36511.14 d17.14
MinimumVisualStudioVersion = 10.0.40219.1
Project("{FAE04EC0-301F-11D3-BF4B-00C04F79EFBC}") = "Library", "Library\Library.csproj", "{2B7B8511-3D82-4620-87E3-1544A66D95F7}"
EndProject
Global
	GlobalSection(SolutionConfigurationPlatforms) = preSolution
		Debug|Any CPU = Debug|Any CPU
		Release|Any CPU = Release|Any CPU
	EndGlobalSection
	GlobalSection(ProjectConfigurationPlatforms) = postSolution
		{2B7B8511-3D82-4620-87E3-1544A66D95F7}.Debug|Any CPU.ActiveCfg = Debug|Any CPU
		{2B7B8511-3D82-4620-87E3-1544A66D95F7}.Debug|Any CPU.Build.0 = Debug|Any CPU
		{2B7B8511-3D82-4620-87E3-1544A66D95F7}.Release|Any CPU.ActiveCfg = Release|Any CPU
		{2B7B8511-3D82-4620-87E3-1544A66D95F7}.Release|Any CPU.Build.0 = Release|Any CPU
	EndGlobalSection
	GlobalSection(SolutionProperties) = preSolution
		HideSolutionNode = FALSE
	EndGlobalSection
	GlobalSection(ExtensibilityGlobals) = postSolution
		SolutionGuid = {0B121CE8-46CF-4D95-8C41-CB590B25779F}
	EndGlobalSection
EndGlobal
